
Microsoft Visual Studio Solution File, Format Version 12.00
# Visual Studio Version 17
VisualStudioVersion = 17.4.33122.133
MinimumVisualStudioVersion = 10.0.40219.1
Project("{9A19103F-16F7-4668-BE54-9A1E7A4F7556}") = "Entities", "Entities\Entities.csproj", "{A2D0E863-09AF-43AC-A00E-312D80998580}"
EndProject
Project("{9A19103F-16F7-4668-BE54-9A1E7A4F7556}") = "DataAccess", "DataAccess\DataAccess.csproj", "{F2FE4ED2-E039-4526-AADE-2DDBF300AEFA}"
EndProject
Project("{9A19103F-16F7-4668-BE54-9A1E7A4F7556}") = "Business", "Business\Business.csproj", "{C2AC3653-0C9B-4361-98AA-15D0BCC68320}"
EndProject
Project("{9A19103F-16F7-4668-BE54-9A1E7A4F7556}") = "Console", "Console\Console.csproj", "{A7EDE037-766B-4D3B-B89F-197F68F86B3B}"
EndProject
Project("{9A19103F-16F7-4668-BE54-9A1E7A4F7556}") = "Core", "Core\Core.csproj", "{925FB508-A29D-4B21-AACA-5805D7B6B734}"
EndProject
Project("{FAE04EC0-301F-11D3-BF4B-00C04F79EFBC}") = "WebAPI", "WebAPI\WebAPI.csproj", "{26C6F815-E534-4274-88D9-C14916A1DAFF}"
EndProject
Global
	GlobalSection(SolutionConfigurationPlatforms) = preSolution
		Debug|Any CPU = Debug|Any CPU
		Release|Any CPU = Release|Any CPU
	EndGlobalSection
	GlobalSection(ProjectConfigurationPlatforms) = postSolution
		{A2D0E863-09AF-43AC-A00E-312D80998580}.Debug|Any CPU.ActiveCfg = Debug|Any CPU
		{A2D0E863-09AF-43AC-A00E-312D80998580}.Debug|Any CPU.Build.0 = Debug|Any CPU
		{A2D0E863-09AF-43AC-A00E-312D80998580}.Release|Any CPU.ActiveCfg = Release|Any CPU
		{A2D0E863-09AF-43AC-A00E-312D80998580}.Release|Any CPU.Build.0 = Release|Any CPU
		{F2FE4ED2-E039-4526-AADE-2DDBF300AEFA}.Debug|Any CPU.ActiveCfg = Debug|Any CPU
		{F2FE4ED2-E039-4526-AADE-2DDBF300AEFA}.Debug|Any CPU.Build.0 = Debug|Any CPU
		{F2FE4ED2-E039-4526-AADE-2DDBF300AEFA}.Release|Any CPU.ActiveCfg = Release|Any CPU
		{F2FE4ED2-E039-4526-AADE-2DDBF300AEFA}.Release|Any CPU.Build.0 = Release|Any CPU
		{C2AC3653-0C9B-4361-98AA-15D0BCC68320}.Debug|Any CPU.ActiveCfg = Debug|Any CPU
		{C2AC3653-0C9B-4361-98AA-15D0BCC68320}.Debug|Any CPU.Build.0 = Debug|Any CPU
		{C2AC3653-0C9B-4361-98AA-15D0BCC68320}.Release|Any CPU.ActiveCfg = Release|Any CPU
		{C2AC3653-0C9B-4361-98AA-15D0BCC68320}.Release|Any CPU.Build.0 = Release|Any CPU
		{A7EDE037-766B-4D3B-B89F-197F68F86B3B}.Debug|Any CPU.ActiveCfg = Debug|Any CPU
		{A7EDE037-766B-4D3B-B89F-197F68F86B3B}.Debug|Any CPU.Build.0 = Debug|Any CPU
		{A7EDE037-766B-4D3B-B89F-197F68F86B3B}.Release|Any CPU.ActiveCfg = Release|Any CPU
		{A7EDE037-766B-4D3B-B89F-197F68F86B3B}.Release|Any CPU.Build.0 = Release|Any CPU
		{925FB508-A29D-4B21-AACA-5805D7B6B734}.Debug|Any CPU.ActiveCfg = Debug|Any CPU
		{925FB508-A29D-4B21-AACA-5805D7B6B734}.Debug|Any CPU.Build.0 = Debug|Any CPU
		{925FB508-A29D-4B21-AACA-5805D7B6B734}.Release|Any CPU.ActiveCfg = Release|Any CPU
		{925FB508-A29D-4B21-AACA-5805D7B6B734}.Release|Any CPU.Build.0 = Release|Any CPU
		{26C6F815-E534-4274-88D9-C14916A1DAFF}.Debug|Any CPU.ActiveCfg = Debug|Any CPU
		{26C6F815-E534-4274-88D9-C14916A1DAFF}.Debug|Any CPU.Build.0 = Debug|Any CPU
		{26C6F815-E534-4274-88D9-C14916A1DAFF}.Release|Any CPU.ActiveCfg = Release|Any CPU
		{26C6F815-E534-4274-88D9-C14916A1DAFF}.Release|Any CPU.Build.0 = Release|Any CPU
	EndGlobalSection
	GlobalSection(SolutionProperties) = preSolution
		HideSolutionNode = FALSE
	EndGlobalSection
	GlobalSection(ExtensibilityGlobals) = postSolution
		SolutionGuid = {A916E369-915A-4EAC-835D-23B4442259DD}
	EndGlobalSection
EndGlobal
